
Microsoft Visual Studio Solution File, Format Version 12.00
# Visual Studio Version 17
VisualStudioVersion = 17.5.33530.505
MinimumVisualStudioVersion = 10.0.40219.1
Project("{FAE04EC0-301F-11D3-BF4B-00C04F79EFBC}") = "ConsoleApp62", "ConsoleApp62\ConsoleApp62.csproj", "{75282885-25BF-4335-89D5-F2684C1BAFED}"
EndProject
Global
	GlobalSection(SolutionConfigurationPlatforms) = preSolution
		Debug|Any CPU = Debug|Any CPU
		Release|Any CPU = Release|Any CPU
	EndGlobalSection
	GlobalSection(ProjectConfigurationPlatforms) = postSolution
		{75282885-25BF-4335-89D5-F2684C1BAFED}.Debug|Any CPU.ActiveCfg = Debug|Any CPU
		{75282885-25BF-4335-89D5-F2684C1BAFED}.Debug|Any CPU.Build.0 = Debug|Any CPU
		{75282885-25BF-4335-89D5-F2684C1BAFED}.Release|Any CPU.ActiveCfg = Release|Any CPU
		{75282885-25BF-4335-89D5-F2684C1BAFED}.Release|Any CPU.Build.0 = Release|Any CPU
	EndGlobalSection
	GlobalSection(SolutionProperties) = preSolution
		HideSolutionNode = FALSE
	EndGlobalSection
	GlobalSection(ExtensibilityGlobals) = postSolution
		SolutionGuid = {F0C6971B-8403-494C-94DE-DFACF51E7743}
	EndGlobalSection
EndGlobal
